
Microsoft Visual Studio Solution File, Format Version 12.00
# Visual Studio Version 17
VisualStudioVersion = 17.0.31606.5
MinimumVisualStudioVersion = 10.0.40219.1
Project("{9A19103F-16F7-4668-BE54-9A1E7A4F7556}") = "LeetCode.Problems.Tests", "LeetCode.Problems.Tests\LeetCode.Problems.Tests.csproj", "{6CE51CC2-F0DD-4C75-8A95-1907A0703546}"
EndProject
Project("{FAE04EC0-301F-11D3-BF4B-00C04F79EFBC}") = "LeetCode.Problems", "LeetCode.Problems\LeetCode.Problems.csproj", "{1FD054A5-8EC0-4532-89FA-B32CAE4A6042}"
EndProject
Global
	GlobalSection(SolutionConfigurationPlatforms) = preSolution
		Debug|Any CPU = Debug|Any CPU
		Release|Any CPU = Release|Any CPU
	EndGlobalSection
	GlobalSection(ProjectConfigurationPlatforms) = postSolution
		{6CE51CC2-F0DD-4C75-8A95-1907A0703546}.Debug|Any CPU.ActiveCfg = Debug|Any CPU
		{6CE51CC2-F0DD-4C75-8A95-1907A0703546}.Debug|Any CPU.Build.0 = Debug|Any CPU
		{6CE51CC2-F0DD-4C75-8A95-1907A0703546}.Release|Any CPU.ActiveCfg = Release|Any CPU
		{6CE51CC2-F0DD-4C75-8A95-1907A0703546}.Release|Any CPU.Build.0 = Release|Any CPU
		{1FD054A5-8EC0-4532-89FA-B32CAE4A6042}.Debug|Any CPU.ActiveCfg = Debug|Any CPU
		{1FD054A5-8EC0-4532-89FA-B32CAE4A6042}.Debug|Any CPU.Build.0 = Debug|Any CPU
		{1FD054A5-8EC0-4532-89FA-B32CAE4A6042}.Release|Any CPU.ActiveCfg = Release|Any CPU
		{1FD054A5-8EC0-4532-89FA-B32CAE4A6042}.Release|Any CPU.Build.0 = Release|Any CPU
	EndGlobalSection
	GlobalSection(SolutionProperties) = preSolution
		HideSolutionNode = FALSE
	EndGlobalSection
	GlobalSection(ExtensibilityGlobals) = postSolution
		SolutionGuid = {BEAEFB81-4E27-499D-B059-575E67D22E5F}
	EndGlobalSection
EndGlobal
